
Microsoft Visual Studio Solution File, Format Version 12.00
# Visual Studio 15
VisualStudioVersion = 15.0.27004.2009
MinimumVisualStudioVersion = 10.0.40219.1
Project("{FAE04EC0-301F-11D3-BF4B-00C04F79EFBC}") = "LitJson", "LitJson\LitJson.csproj", "{C0D05D40-94A6-4DEE-8E99-4B039EE00A6D}"
EndProject
Project("{FAE04EC0-301F-11D3-BF4B-00C04F79EFBC}") = "UniRx", "UniRx\UniRx.csproj", "{A4A3DC88-6A75-4912-A300-1704F3E5B550}"
EndProject
Project("{FAE04EC0-301F-11D3-BF4B-00C04F79EFBC}") = "ToolsClient", "ToolsCode\ToolsClient\ToolsClient.csproj", "{371358E9-ACBD-479A-806D-EBECD3A02A81}"
EndProject
Project("{FAE04EC0-301F-11D3-BF4B-00C04F79EFBC}") = "NavmeshClient", "NavmeshClient\NavmeshClient.csproj", "{8BC7D95C-511A-4B24-8E6F-75C53413A161}"
EndProject
Project("{FAE04EC0-301F-11D3-BF4B-00C04F79EFBC}") = "MapEditorClient", "MapEditorClient\MapEditorClient.csproj", "{BD1D9C4E-85AF-4F61-8141-273A65B0862B}"
EndProject
Project("{FAE04EC0-301F-11D3-BF4B-00C04F79EFBC}") = "UGUITool", "UGUITool\UGUITool.csproj", "{014EF5FB-4723-4B36-8B15-167E5AE74F0B}"
EndProject
Project("{FAE04EC0-301F-11D3-BF4B-00C04F79EFBC}") = "ModelClient", "ModelClient\ModelClient\ModelClient.csproj", "{EF3CD4CA-6053-46C7-9EC3-F9605B9B0CD8}"
EndProject
Project("{FAE04EC0-301F-11D3-BF4B-00C04F79EFBC}") = "ModelEditorClient", "ModelEditorClient\ModelEditorClient\ModelEditorClient.csproj", "{026DE851-95EC-4DD5-86D2-040511247C4C}"
EndProject
Project("{FAE04EC0-301F-11D3-BF4B-00C04F79EFBC}") = "TimelinePlotClient", "TimelinePlotClient\TimelinePlotClient.csproj", "{DDF3F855-BD5F-4424-B217-35182B79E5F7}"
EndProject
Project("{FAE04EC0-301F-11D3-BF4B-00C04F79EFBC}") = "MessagePackSerializer", "MessagePackSerializer\MessagePackSerializer.csproj", "{1A95CF45-AABB-4948-A36C-06D08A5C803C}"
EndProject
Project("{FAE04EC0-301F-11D3-BF4B-00C04F79EFBC}") = "CinemachineEditor", "Cinemachine\CinemachineEditor.csproj", "{22690D7B-FBB2-4C53-9B60-02EF2481CE9E}"
EndProject
Project("{FAE04EC0-301F-11D3-BF4B-00C04F79EFBC}") = "Cinemachine", "CinemachineRuntime\Cinemachine.csproj", "{F7B5E107-6C43-4061-BD48-D6F988060138}"
EndProject
Project("{FAE04EC0-301F-11D3-BF4B-00C04F79EFBC}") = "Timeline", "TimelinePlotEditorClient\Timeline.csproj", "{B3A6D9D3-39A2-4AA2-BD75-EAD2712B2B30}"
EndProject
Project("{FAE04EC0-301F-11D3-BF4B-00C04F79EFBC}") = "TimelineEditor", "TimelineEditor\TimelineEditor.csproj", "{4BB55655-7B4D-4832-8473-8B6D83D63AA2}"
EndProject
Project("{FAE04EC0-301F-11D3-BF4B-00C04F79EFBC}") = "SpritePacker", "SpritePacker\SpritePacker.csproj", "{D72A890E-3E8A-407E-899E-3284A5304BB9}"
EndProject
Global
	GlobalSection(SolutionConfigurationPlatforms) = preSolution
		Debug|Any CPU = Debug|Any CPU
		Release|Any CPU = Release|Any CPU
	EndGlobalSection
	GlobalSection(ProjectConfigurationPlatforms) = postSolution
		{C0D05D40-94A6-4DEE-8E99-4B039EE00A6D}.Debug|Any CPU.ActiveCfg = Debug|Any CPU
		{C0D05D40-94A6-4DEE-8E99-4B039EE00A6D}.Debug|Any CPU.Build.0 = Debug|Any CPU
		{C0D05D40-94A6-4DEE-8E99-4B039EE00A6D}.Release|Any CPU.ActiveCfg = Release|Any CPU
		{C0D05D40-94A6-4DEE-8E99-4B039EE00A6D}.Release|Any CPU.Build.0 = Release|Any CPU
		{A4A3DC88-6A75-4912-A300-1704F3E5B550}.Debug|Any CPU.ActiveCfg = Debug|Any CPU
		{A4A3DC88-6A75-4912-A300-1704F3E5B550}.Debug|Any CPU.Build.0 = Debug|Any CPU
		{A4A3DC88-6A75-4912-A300-1704F3E5B550}.Release|Any CPU.ActiveCfg = Release|Any CPU
		{A4A3DC88-6A75-4912-A300-1704F3E5B550}.Release|Any CPU.Build.0 = Release|Any CPU
		{371358E9-ACBD-479A-806D-EBECD3A02A81}.Debug|Any CPU.ActiveCfg = Debug|Any CPU
		{371358E9-ACBD-479A-806D-EBECD3A02A81}.Debug|Any CPU.Build.0 = Debug|Any CPU
		{371358E9-ACBD-479A-806D-EBECD3A02A81}.Release|Any CPU.ActiveCfg = Release|Any CPU
		{371358E9-ACBD-479A-806D-EBECD3A02A81}.Release|Any CPU.Build.0 = Release|Any CPU
		{8BC7D95C-511A-4B24-8E6F-75C53413A161}.Debug|Any CPU.ActiveCfg = Debug|Any CPU
		{8BC7D95C-511A-4B24-8E6F-75C53413A161}.Debug|Any CPU.Build.0 = Debug|Any CPU
		{8BC7D95C-511A-4B24-8E6F-75C53413A161}.Release|Any CPU.ActiveCfg = Release|Any CPU
		{8BC7D95C-511A-4B24-8E6F-75C53413A161}.Release|Any CPU.Build.0 = Release|Any CPU
		{BD1D9C4E-85AF-4F61-8141-273A65B0862B}.Debug|Any CPU.ActiveCfg = Debug|Any CPU
		{BD1D9C4E-85AF-4F61-8141-273A65B0862B}.Debug|Any CPU.Build.0 = Debug|Any CPU
		{BD1D9C4E-85AF-4F61-8141-273A65B0862B}.Release|Any CPU.ActiveCfg = Release|Any CPU
		{BD1D9C4E-85AF-4F61-8141-273A65B0862B}.Release|Any CPU.Build.0 = Release|Any CPU
		{014EF5FB-4723-4B36-8B15-167E5AE74F0B}.Debug|Any CPU.ActiveCfg = Debug|Any CPU
		{014EF5FB-4723-4B36-8B15-167E5AE74F0B}.Debug|Any CPU.Build.0 = Debug|Any CPU
		{014EF5FB-4723-4B36-8B15-167E5AE74F0B}.Release|Any CPU.ActiveCfg = Release|Any CPU
		{014EF5FB-4723-4B36-8B15-167E5AE74F0B}.Release|Any CPU.Build.0 = Release|Any CPU
		{EF3CD4CA-6053-46C7-9EC3-F9605B9B0CD8}.Debug|Any CPU.ActiveCfg = Debug|Any CPU
		{EF3CD4CA-6053-46C7-9EC3-F9605B9B0CD8}.Debug|Any CPU.Build.0 = Debug|Any CPU
		{EF3CD4CA-6053-46C7-9EC3-F9605B9B0CD8}.Release|Any CPU.ActiveCfg = Release|Any CPU
		{EF3CD4CA-6053-46C7-9EC3-F9605B9B0CD8}.Release|Any CPU.Build.0 = Release|Any CPU
		{026DE851-95EC-4DD5-86D2-040511247C4C}.Debug|Any CPU.ActiveCfg = Debug|Any CPU
		{026DE851-95EC-4DD5-86D2-040511247C4C}.Debug|Any CPU.Build.0 = Debug|Any CPU
		{026DE851-95EC-4DD5-86D2-040511247C4C}.Release|Any CPU.ActiveCfg = Release|Any CPU
		{026DE851-95EC-4DD5-86D2-040511247C4C}.Release|Any CPU.Build.0 = Release|Any CPU
		{DDF3F855-BD5F-4424-B217-35182B79E5F7}.Debug|Any CPU.ActiveCfg = Debug|Any CPU
		{DDF3F855-BD5F-4424-B217-35182B79E5F7}.Debug|Any CPU.Build.0 = Debug|Any CPU
		{DDF3F855-BD5F-4424-B217-35182B79E5F7}.Release|Any CPU.ActiveCfg = Release|Any CPU
		{DDF3F855-BD5F-4424-B217-35182B79E5F7}.Release|Any CPU.Build.0 = Release|Any CPU
		{1A95CF45-AABB-4948-A36C-06D08A5C803C}.Debug|Any CPU.ActiveCfg = Debug|Any CPU
		{1A95CF45-AABB-4948-A36C-06D08A5C803C}.Debug|Any CPU.Build.0 = Debug|Any CPU
		{1A95CF45-AABB-4948-A36C-06D08A5C803C}.Release|Any CPU.ActiveCfg = Release|Any CPU
		{1A95CF45-AABB-4948-A36C-06D08A5C803C}.Release|Any CPU.Build.0 = Release|Any CPU
		{22690D7B-FBB2-4C53-9B60-02EF2481CE9E}.Debug|Any CPU.ActiveCfg = Debug|Any CPU
		{22690D7B-FBB2-4C53-9B60-02EF2481CE9E}.Debug|Any CPU.Build.0 = Debug|Any CPU
		{22690D7B-FBB2-4C53-9B60-02EF2481CE9E}.Release|Any CPU.ActiveCfg = Release|Any CPU
		{22690D7B-FBB2-4C53-9B60-02EF2481CE9E}.Release|Any CPU.Build.0 = Release|Any CPU
		{F7B5E107-6C43-4061-BD48-D6F988060138}.Debug|Any CPU.ActiveCfg = Debug|Any CPU
		{F7B5E107-6C43-4061-BD48-D6F988060138}.Debug|Any CPU.Build.0 = Debug|Any CPU
		{F7B5E107-6C43-4061-BD48-D6F988060138}.Release|Any CPU.ActiveCfg = Release|Any CPU
		{F7B5E107-6C43-4061-BD48-D6F988060138}.Release|Any CPU.Build.0 = Release|Any CPU
		{B3A6D9D3-39A2-4AA2-BD75-EAD2712B2B30}.Debug|Any CPU.ActiveCfg = Debug|Any CPU
		{B3A6D9D3-39A2-4AA2-BD75-EAD2712B2B30}.Debug|Any CPU.Build.0 = Debug|Any CPU
		{B3A6D9D3-39A2-4AA2-BD75-EAD2712B2B30}.Release|Any CPU.ActiveCfg = Release|Any CPU
		{B3A6D9D3-39A2-4AA2-BD75-EAD2712B2B30}.Release|Any CPU.Build.0 = Release|Any CPU
		{4BB55655-7B4D-4832-8473-8B6D83D63AA2}.Debug|Any CPU.ActiveCfg = Debug|Any CPU
		{4BB55655-7B4D-4832-8473-8B6D83D63AA2}.Debug|Any CPU.Build.0 = Debug|Any CPU
		{4BB55655-7B4D-4832-8473-8B6D83D63AA2}.Release|Any CPU.ActiveCfg = Release|Any CPU
		{4BB55655-7B4D-4832-8473-8B6D83D63AA2}.Release|Any CPU.Build.0 = Release|Any CPU
		{D72A890E-3E8A-407E-899E-3284A5304BB9}.Debug|Any CPU.ActiveCfg = Debug|Any CPU
		{D72A890E-3E8A-407E-899E-3284A5304BB9}.Debug|Any CPU.Build.0 = Debug|Any CPU
		{D72A890E-3E8A-407E-899E-3284A5304BB9}.Release|Any CPU.ActiveCfg = Release|Any CPU
		{D72A890E-3E8A-407E-899E-3284A5304BB9}.Release|Any CPU.Build.0 = Release|Any CPU
	EndGlobalSection
	GlobalSection(SolutionProperties) = preSolution
		HideSolutionNode = FALSE
	EndGlobalSection
	GlobalSection(ExtensibilityGlobals) = postSolution
		SolutionGuid = {951DF2DE-D7B1-4CE4-B512-97473F80A99A}
	EndGlobalSection
EndGlobal
